
Microsoft Visual Studio Solution File, Format Version 12.00
# Visual Studio 2012
Project("{FAE04EC0-301F-11D3-BF4B-00C04F79EFBC}") = "TaVazando", "TaVazando.csproj", "{2B29A758-B153-41C4-A231-14FD03BA75DC}"
EndProject
Project("{FAE04EC0-301F-11D3-BF4B-00C04F79EFBC}") = "TaVazando.Droid", "Droid\TaVazando.Droid.csproj", "{19AB91D1-DB81-4927-81DC-3FAD7833A51B}"
EndProject
Global
	GlobalSection(SolutionConfigurationPlatforms) = preSolution
		Debug|Any CPU = Debug|Any CPU
		Release|Any CPU = Release|Any CPU
	EndGlobalSection
	GlobalSection(ProjectConfigurationPlatforms) = postSolution
		{19AB91D1-DB81-4927-81DC-3FAD7833A51B}.Debug|Any CPU.ActiveCfg = Debug|Any CPU
		{19AB91D1-DB81-4927-81DC-3FAD7833A51B}.Debug|Any CPU.Build.0 = Debug|Any CPU
		{19AB91D1-DB81-4927-81DC-3FAD7833A51B}.Release|Any CPU.ActiveCfg = Release|Any CPU
		{19AB91D1-DB81-4927-81DC-3FAD7833A51B}.Release|Any CPU.Build.0 = Release|Any CPU
		{2B29A758-B153-41C4-A231-14FD03BA75DC}.Debug|Any CPU.ActiveCfg = Debug|Any CPU
		{2B29A758-B153-41C4-A231-14FD03BA75DC}.Debug|Any CPU.Build.0 = Debug|Any CPU
		{2B29A758-B153-41C4-A231-14FD03BA75DC}.Release|Any CPU.ActiveCfg = Release|Any CPU
		{2B29A758-B153-41C4-A231-14FD03BA75DC}.Release|Any CPU.Build.0 = Release|Any CPU
	EndGlobalSection
	GlobalSection(MonoDevelopProperties) = preSolution
		Policies = $0
		$0.DotNetNamingPolicy = $1
		$1.DirectoryNamespaceAssociation = None
		$1.ResourceNamePolicy = FileFormatDefault
		version = 0.2
	EndGlobalSection
EndGlobal
